
Microsoft Visual Studio Solution File, Format Version 12.00
# Visual Studio Version 16
VisualStudioVersion = 16.0.30204.135
MinimumVisualStudioVersion = 10.0.40219.1
Project("{9A19103F-16F7-4668-BE54-9A1E7A4F7556}") = "MyGoalPlanner", "MyGoalPlanner\MyGoalPlanner.csproj", "{07367624-C8B5-4AB0-8052-3F31290698ED}"
EndProject
Project("{FAE04EC0-301F-11D3-BF4B-00C04F79EFBC}") = "MyGoalPlannerServerBase", "MyGoalPlannerServerBase\MyGoalPlannerServerBase.csproj", "{1C547EEA-98E0-43AC-B38B-C5115EEDDEB9}"
EndProject
Project("{FAE04EC0-301F-11D3-BF4B-00C04F79EFBC}") = "Models", "Models\Models.csproj", "{FD120300-93F3-46A8-A995-CC86035C2335}"
EndProject
Global
	GlobalSection(SolutionConfigurationPlatforms) = preSolution
		Debug|Any CPU = Debug|Any CPU
		Release|Any CPU = Release|Any CPU
	EndGlobalSection
	GlobalSection(ProjectConfigurationPlatforms) = postSolution
		{07367624-C8B5-4AB0-8052-3F31290698ED}.Debug|Any CPU.ActiveCfg = Debug|Any CPU
		{07367624-C8B5-4AB0-8052-3F31290698ED}.Debug|Any CPU.Build.0 = Debug|Any CPU
		{07367624-C8B5-4AB0-8052-3F31290698ED}.Release|Any CPU.ActiveCfg = Release|Any CPU
		{07367624-C8B5-4AB0-8052-3F31290698ED}.Release|Any CPU.Build.0 = Release|Any CPU
		{1C547EEA-98E0-43AC-B38B-C5115EEDDEB9}.Debug|Any CPU.ActiveCfg = Debug|Any CPU
		{1C547EEA-98E0-43AC-B38B-C5115EEDDEB9}.Debug|Any CPU.Build.0 = Debug|Any CPU
		{1C547EEA-98E0-43AC-B38B-C5115EEDDEB9}.Release|Any CPU.ActiveCfg = Release|Any CPU
		{1C547EEA-98E0-43AC-B38B-C5115EEDDEB9}.Release|Any CPU.Build.0 = Release|Any CPU
		{FD120300-93F3-46A8-A995-CC86035C2335}.Debug|Any CPU.ActiveCfg = Debug|Any CPU
		{FD120300-93F3-46A8-A995-CC86035C2335}.Debug|Any CPU.Build.0 = Debug|Any CPU
		{FD120300-93F3-46A8-A995-CC86035C2335}.Release|Any CPU.ActiveCfg = Release|Any CPU
		{FD120300-93F3-46A8-A995-CC86035C2335}.Release|Any CPU.Build.0 = Release|Any CPU
	EndGlobalSection
	GlobalSection(SolutionProperties) = preSolution
		HideSolutionNode = FALSE
	EndGlobalSection
	GlobalSection(ExtensibilityGlobals) = postSolution
		SolutionGuid = {DC2F5D9D-08CE-4948-BC50-AEED3CB5AC91}
	EndGlobalSection
EndGlobal
